
Microsoft Visual Studio Solution File, Format Version 12.00
# Visual Studio 14
VisualStudioVersion = 14.0.23107.0
MinimumVisualStudioVersion = 10.0.40219.1
Project("{FAE04EC0-301F-11D3-BF4B-00C04F79EFBC}") = "NeuralNet", "NeuralNet\NeuralNet.csproj", "{0719F6B1-3793-49A3-A79C-534C9DD5579F}"
EndProject
Global
	GlobalSection(SolutionConfigurationPlatforms) = preSolution
		Debug|Any CPU = Debug|Any CPU
		Release|Any CPU = Release|Any CPU
	EndGlobalSection
	GlobalSection(ProjectConfigurationPlatforms) = postSolution
		{0719F6B1-3793-49A3-A79C-534C9DD5579F}.Debug|Any CPU.ActiveCfg = Debug|Any CPU
		{0719F6B1-3793-49A3-A79C-534C9DD5579F}.Debug|Any CPU.Build.0 = Debug|Any CPU
		{0719F6B1-3793-49A3-A79C-534C9DD5579F}.Release|Any CPU.ActiveCfg = Release|Any CPU
		{0719F6B1-3793-49A3-A79C-534C9DD5579F}.Release|Any CPU.Build.0 = Release|Any CPU
	EndGlobalSection
	GlobalSection(SolutionProperties) = preSolution
		HideSolutionNode = FALSE
	EndGlobalSection
EndGlobal
